{
  "name": "scrumpokergluegl",
  "version": "1.0.0",
  "lockfileVersion": 1,
  "requires": true,
  "dependencies": {
    "scrum-poker-lib": {
      "version": "git+https://gitlab.com/glue-gl/scrum-poker-lib.git#fadfb562d678541159d2260120cec8e5d0e86e28",
      "from": "git+https://gitlab.com/glue-gl/scrum-poker-lib.git"
    }
  }
}
